// !$*UTF8*$!
{
	archiveVersion = 1;
	classes = {
	};
	objectVersion = 55;
	objects = {

/* Begin PBXBuildFile section */
		07F8700027C36FAC00EA31B0 /* Launch Screen.storyboard in Resources */ = {isa = PBXBuildFile; fileRef = 07F86FFF27C36FAC00EA31B0 /* Launch Screen.storyboard */; };
		21FDF27218558E3CD0DEE000 /* Pods_AnimalClassifierApp.framework in Frameworks */ = {isa = PBXBuildFile; fileRef = DC67E0D75D223A8EC7435C5E /* Pods_AnimalClassifierApp.framework */; };
		4569DA9027B205EB00D610D9 /* AnimalClassifierApp.swift in Sources */ = {isa = PBXBuildFile; fileRef = 4569DA8F27B205EB00D610D9 /* AnimalClassifierApp.swift */; };
		4569DA9227B205EB00D610D9 /* MainScreen.swift in Sources */ = {isa = PBXBuildFile; fileRef = 4569DA9127B205EB00D610D9 /* MainScreen.swift */; };
		4569DA9427B205ED00D610D9 /* Assets.xcassets in Resources */ = {isa = PBXBuildFile; fileRef = 4569DA9327B205ED00D610D9 /* Assets.xcassets */; };
		4569DA9727B205ED00D610D9 /* Preview Assets.xcassets in Resources */ = {isa = PBXBuildFile; fileRef = 4569DA9627B205ED00D610D9 /* Preview Assets.xcassets */; };
		4569DAA227B2065D00D610D9 /* AnimalClassifier.mlmodel in Sources */ = {isa = PBXBuildFile; fileRef = 4569DAA127B2065D00D610D9 /* AnimalClassifier.mlmodel */; };
		4569DAA627B20CEF00D610D9 /* MainViewModel.swift in Sources */ = {isa = PBXBuildFile; fileRef = 4569DAA527B20CEF00D610D9 /* MainViewModel.swift */; };
		4569DAA827B20D4700D610D9 /* Resolver.swift in Sources */ = {isa = PBXBuildFile; fileRef = 4569DAA727B20D4700D610D9 /* Resolver.swift */; };
		4569DAAA27B20D8600D610D9 /* WikiService.swift in Sources */ = {isa = PBXBuildFile; fileRef = 4569DAA927B20D8600D610D9 /* WikiService.swift */; };
		4569DAAC27B20E4D00D610D9 /* AnimalInfoScreen.swift in Sources */ = {isa = PBXBuildFile; fileRef = 4569DAAB27B20E4D00D610D9 /* AnimalInfoScreen.swift */; };
		4569DAAE27B20F2100D610D9 /* PhotoPicker.swift in Sources */ = {isa = PBXBuildFile; fileRef = 4569DAAD27B20F2100D610D9 /* PhotoPicker.swift */; };
		4569DAB027B212F700D610D9 /* CapsuleButton.swift in Sources */ = {isa = PBXBuildFile; fileRef = 4569DAAF27B212F700D610D9 /* CapsuleButton.swift */; };
		4569DAB227B2136100D610D9 /* Constants.swift in Sources */ = {isa = PBXBuildFile; fileRef = 4569DAB127B2136100D610D9 /* Constants.swift */; };
		4569DAB427B21B5400D610D9 /* Animal.swift in Sources */ = {isa = PBXBuildFile; fileRef = 4569DAB327B21B5400D610D9 /* Animal.swift */; };
		4569DABB27B2202100D610D9 /* AppText.swift in Sources */ = {isa = PBXBuildFile; fileRef = 4569DABA27B2202100D610D9 /* AppText.swift */; };
		4569DABF27B2230500D610D9 /* Rowdies-Bold.ttf in Resources */ = {isa = PBXBuildFile; fileRef = 4569DABC27B2230500D610D9 /* Rowdies-Bold.ttf */; };
		4569DAC027B2230500D610D9 /* Rowdies-Light.ttf in Resources */ = {isa = PBXBuildFile; fileRef = 4569DABD27B2230500D610D9 /* Rowdies-Light.ttf */; };
		4569DAC127B2230500D610D9 /* Rowdies-Regular.ttf in Resources */ = {isa = PBXBuildFile; fileRef = 4569DABE27B2230500D610D9 /* Rowdies-Regular.ttf */; };
		4569DAC327B2322900D610D9 /* ImageClassifier.swift in Sources */ = {isa = PBXBuildFile; fileRef = 4569DAC227B2322900D610D9 /* ImageClassifier.swift */; };
		4569DAC527B23A2D00D610D9 /* Inceptionv3.mlmodel in Sources */ = {isa = PBXBuildFile; fileRef = 4569DAC427B23A2D00D610D9 /* Inceptionv3.mlmodel */; };
		4569DAC727B24D4300D610D9 /* ImageButton.swift in Sources */ = {isa = PBXBuildFile; fileRef = 4569DAC627B24D4300D610D9 /* ImageButton.swift */; };
		4569DAC927B24DB000D610D9 /* ImageView.swift in Sources */ = {isa = PBXBuildFile; fileRef = 4569DAC827B24DB000D610D9 /* ImageView.swift */; };
		4569DACB27B252B300D610D9 /* TopBar.swift in Sources */ = {isa = PBXBuildFile; fileRef = 4569DACA27B252B300D610D9 /* TopBar.swift */; };
		4569DACD27B2584600D610D9 /* AsyncImageView.swift in Sources */ = {isa = PBXBuildFile; fileRef = 4569DACC27B2584600D610D9 /* AsyncImageView.swift */; };
		4569DACF27B2611B00D610D9 /* CircularIcon.swift in Sources */ = {isa = PBXBuildFile; fileRef = 4569DACE27B2611B00D610D9 /* CircularIcon.swift */; };
/* End PBXBuildFile section */

/* Begin PBXFileReference section */
		07F86FFF27C36FAC00EA31B0 /* Launch Screen.storyboard */ = {isa = PBXFileReference; lastKnownFileType = file.storyboard; path = "Launch Screen.storyboard"; sourceTree = "<group>"; };
		1AC21C78A4EFC50B9AC5DEE6 /* Pods-AnimalClassifierApp.release.xcconfig */ = {isa = PBXFileReference; includeInIndex = 1; lastKnownFileType = text.xcconfig; name = "Pods-AnimalClassifierApp.release.xcconfig"; path = "Target Support Files/Pods-AnimalClassifierApp/Pods-AnimalClassifierApp.release.xcconfig"; sourceTree = "<group>"; };
		4569DA8C27B205EB00D610D9 /* AnimalClassifierApp.app */ = {isa = PBXFileReference; explicitFileType = wrapper.application; includeInIndex = 0; path = AnimalClassifierApp.app; sourceTree = BUILT_PRODUCTS_DIR; };
		4569DA8F27B205EB00D610D9 /* AnimalClassifierApp.swift */ = {isa = PBXFileReference; lastKnownFileType = sourcecode.swift; path = AnimalClassifierApp.swift; sourceTree = "<group>"; };
		4569DA9127B205EB00D610D9 /* MainScreen.swift */ = {isa = PBXFileReference; lastKnownFileType = sourcecode.swift; path = MainScreen.swift; sourceTree = "<group>"; };
		4569DA9327B205ED00D610D9 /* Assets.xcassets */ = {isa = PBXFileReference; lastKnownFileType = folder.assetcatalog; path = Assets.xcassets; sourceTree = "<group>"; };
		4569DA9627B205ED00D610D9 /* Preview Assets.xcassets */ = {isa = PBXFileReference; lastKnownFileType = folder.assetcatalog; path = "Preview Assets.xcassets"; sourceTree = "<group>"; };
		4569DAA127B2065D00D610D9 /* AnimalClassifier.mlmodel */ = {isa = PBXFileReference; lastKnownFileType = file.mlmodel; path = AnimalClassifier.mlmodel; sourceTree = "<group>"; };
		4569DAA527B20CEF00D610D9 /* MainViewModel.swift */ = {isa = PBXFileReference; lastKnownFileType = sourcecode.swift; path = MainViewModel.swift; sourceTree = "<group>"; };
		4569DAA727B20D4700D610D9 /* Resolver.swift */ = {isa = PBXFileReference; lastKnownFileType = sourcecode.swift; path = Resolver.swift; sourceTree = "<group>"; };
		4569DAA927B20D8600D610D9 /* WikiService.swift */ = {isa = PBXFileReference; lastKnownFileType = sourcecode.swift; path = WikiService.swift; sourceTree = "<group>"; };
		4569DAAB27B20E4D00D610D9 /* AnimalInfoScreen.swift */ = {isa = PBXFileReference; lastKnownFileType = sourcecode.swift; path = AnimalInfoScreen.swift; sourceTree = "<group>"; };
		4569DAAD27B20F2100D610D9 /* PhotoPicker.swift */ = {isa = PBXFileReference; lastKnownFileType = sourcecode.swift; path = PhotoPicker.swift; sourceTree = "<group>"; };
		4569DAAF27B212F700D610D9 /* CapsuleButton.swift */ = {isa = PBXFileReference; lastKnownFileType = sourcecode.swift; path = CapsuleButton.swift; sourceTree = "<group>"; };
		4569DAB127B2136100D610D9 /* Constants.swift */ = {isa = PBXFileReference; lastKnownFileType = sourcecode.swift; path = Constants.swift; sourceTree = "<group>"; };
		4569DAB327B21B5400D610D9 /* Animal.swift */ = {isa = PBXFileReference; lastKnownFileType = sourcecode.swift; path = Animal.swift; sourceTree = "<group>"; };
		4569DAB927B21F9000D610D9 /* Info.plist */ = {isa = PBXFileReference; lastKnownFileType = text.plist; path = Info.plist; sourceTree = "<group>"; };
		4569DABA27B2202100D610D9 /* AppText.swift */ = {isa = PBXFileReference; lastKnownFileType = sourcecode.swift; path = AppText.swift; sourceTree = "<group>"; };
		4569DABC27B2230500D610D9 /* Rowdies-Bold.ttf */ = {isa = PBXFileReference; lastKnownFileType = file; path = "Rowdies-Bold.ttf"; sourceTree = "<group>"; };
		4569DABD27B2230500D610D9 /* Rowdies-Light.ttf */ = {isa = PBXFileReference; lastKnownFileType = file; path = "Rowdies-Light.ttf"; sourceTree = "<group>"; };
		4569DABE27B2230500D610D9 /* Rowdies-Regular.ttf */ = {isa = PBXFileReference; lastKnownFileType = file; path = "Rowdies-Regular.ttf"; sourceTree = "<group>"; };
		4569DAC227B2322900D610D9 /* ImageClassifier.swift */ = {isa = PBXFileReference; lastKnownFileType = sourcecode.swift; path = ImageClassifier.swift; sourceTree = "<group>"; };
		4569DAC427B23A2D00D610D9 /* Inceptionv3.mlmodel */ = {isa = PBXFileReference; lastKnownFileType = file.mlmodel; path = Inceptionv3.mlmodel; sourceTree = "<group>"; };
		4569DAC627B24D4300D610D9 /* ImageButton.swift */ = {isa = PBXFileReference; lastKnownFileType = sourcecode.swift; path = ImageButton.swift; sourceTree = "<group>"; };
		4569DAC827B24DB000D610D9 /* ImageView.swift */ = {isa = PBXFileReference; lastKnownFileType = sourcecode.swift; path = ImageView.swift; sourceTree = "<group>"; };
		4569DACA27B252B300D610D9 /* TopBar.swift */ = {isa = PBXFileReference; lastKnownFileType = sourcecode.swift; path = TopBar.swift; sourceTree = "<group>"; };
		4569DACC27B2584600D610D9 /* AsyncImageView.swift */ = {isa = PBXFileReference; lastKnownFileType = sourcecode.swift; path = AsyncImageView.swift; sourceTree = "<group>"; };
		4569DACE27B2611B00D610D9 /* CircularIcon.swift */ = {isa = PBXFileReference; lastKnownFileType = sourcecode.swift; path = CircularIcon.swift; sourceTree = "<group>"; };
		58735AC014808C9D3AEAE53F /* Pods-AnimalClassifierApp.debug.xcconfig */ = {isa = PBXFileReference; includeInIndex = 1; lastKnownFileType = text.xcconfig; name = "Pods-AnimalClassifierApp.debug.xcconfig"; path = "Target Support Files/Pods-AnimalClassifierApp/Pods-AnimalClassifierApp.debug.xcconfig"; sourceTree = "<group>"; };
		DC67E0D75D223A8EC7435C5E /* Pods_AnimalClassifierApp.framework */ = {isa = PBXFileReference; explicitFileType = wrapper.framework; includeInIndex = 0; path = Pods_AnimalClassifierApp.framework; sourceTree = BUILT_PRODUCTS_DIR; };
/* End PBXFileReference section */

/* Begin PBXFrameworksBuildPhase section */
		4569DA8927B205EB00D610D9 /* Frameworks */ = {
			isa = PBXFrameworksBuildPhase;
			buildActionMask = 2147483647;
			files = (
				21FDF27218558E3CD0DEE000 /* Pods_AnimalClassifierApp.framework in Frameworks */,
			);
			runOnlyForDeploymentPostprocessing = 0;
		};
/* End PBXFrameworksBuildPhase section */

/* Begin PBXGroup section */
		4569DA8327B205EB00D610D9 = {
			isa = PBXGroup;
			children = (
				4569DA8E27B205EB00D610D9 /* AnimalClassifierApp */,
				4569DA8D27B205EB00D610D9 /* Products */,
				A0C6221C1D647FB89DED7218 /* Pods */,
				582A1AC7CBB9595E98781572 /* Frameworks */,
			);
			sourceTree = "<group>";
		};
		4569DA8D27B205EB00D610D9 /* Products */ = {
			isa = PBXGroup;
			children = (
				4569DA8C27B205EB00D610D9 /* AnimalClassifierApp.app */,
			);
			name = Products;
			sourceTree = "<group>";
		};
		4569DA8E27B205EB00D610D9 /* AnimalClassifierApp */ = {
			isa = PBXGroup;
			children = (
				4569DAA027B2062500D610D9 /* Services */,
				4569DA9F27B2061500D610D9 /* Models */,
				4569DA9E27B2060B00D610D9 /* ViewModels */,
				4569DA9D27B205FE00D610D9 /* Views */,
				4569DA8F27B205EB00D610D9 /* AnimalClassifierApp.swift */,
				4569DA9327B205ED00D610D9 /* Assets.xcassets */,
				4569DAA727B20D4700D610D9 /* Resolver.swift */,
				4569DAB127B2136100D610D9 /* Constants.swift */,
				4569DAB527B21DFC00D610D9 /* Fonts */,
				4569DAB927B21F9000D610D9 /* Info.plist */,
				4569DA9527B205ED00D610D9 /* Preview Content */,
			);
			path = AnimalClassifierApp;
			sourceTree = "<group>";
		};
		4569DA9527B205ED00D610D9 /* Preview Content */ = {
			isa = PBXGroup;
			children = (
				4569DA9627B205ED00D610D9 /* Preview Assets.xcassets */,
			);
			path = "Preview Content";
			sourceTree = "<group>";
		};
		4569DA9D27B205FE00D610D9 /* Views */ = {
			isa = PBXGroup;
			children = (
				4569DAA427B207B400D610D9 /* Reusables */,
				4569DAA327B207AD00D610D9 /* Screens */,
			);
			path = Views;
			sourceTree = "<group>";
		};
		4569DA9E27B2060B00D610D9 /* ViewModels */ = {
			isa = PBXGroup;
			children = (
				4569DAA527B20CEF00D610D9 /* MainViewModel.swift */,
			);
			path = ViewModels;
			sourceTree = "<group>";
		};
		4569DA9F27B2061500D610D9 /* Models */ = {
			isa = PBXGroup;
			children = (
				4569DAC427B23A2D00D610D9 /* Inceptionv3.mlmodel */,
				4569DAA127B2065D00D610D9 /* AnimalClassifier.mlmodel */,
				4569DAB327B21B5400D610D9 /* Animal.swift */,
			);
			path = Models;
			sourceTree = "<group>";
		};
		4569DAA027B2062500D610D9 /* Services */ = {
			isa = PBXGroup;
			children = (
				4569DAA927B20D8600D610D9 /* WikiService.swift */,
				4569DAC227B2322900D610D9 /* ImageClassifier.swift */,
			);
			path = Services;
			sourceTree = "<group>";
		};
		4569DAA327B207AD00D610D9 /* Screens */ = {
			isa = PBXGroup;
			children = (
				07F86FFF27C36FAC00EA31B0 /* Launch Screen.storyboard */,
				4569DA9127B205EB00D610D9 /* MainScreen.swift */,
				4569DAAB27B20E4D00D610D9 /* AnimalInfoScreen.swift */,
			);
			path = Screens;
			sourceTree = "<group>";
		};
		4569DAA427B207B400D610D9 /* Reusables */ = {
			isa = PBXGroup;
			children = (
				4569DAAD27B20F2100D610D9 /* PhotoPicker.swift */,
				4569DAAF27B212F700D610D9 /* CapsuleButton.swift */,
				4569DABA27B2202100D610D9 /* AppText.swift */,
				4569DAC627B24D4300D610D9 /* ImageButton.swift */,
				4569DAC827B24DB000D610D9 /* ImageView.swift */,
				4569DACA27B252B300D610D9 /* TopBar.swift */,
				4569DACC27B2584600D610D9 /* AsyncImageView.swift */,
				4569DACE27B2611B00D610D9 /* CircularIcon.swift */,
			);
			path = Reusables;
			sourceTree = "<group>";
		};
		4569DAB527B21DFC00D610D9 /* Fonts */ = {
			isa = PBXGroup;
			children = (
				4569DABC27B2230500D610D9 /* Rowdies-Bold.ttf */,
				4569DABD27B2230500D610D9 /* Rowdies-Light.ttf */,
				4569DABE27B2230500D610D9 /* Rowdies-Regular.ttf */,
			);
			path = Fonts;
			sourceTree = "<group>";
		};
		582A1AC7CBB9595E98781572 /* Frameworks */ = {
			isa = PBXGroup;
			children = (
				DC67E0D75D223A8EC7435C5E /* Pods_AnimalClassifierApp.framework */,
			);
			name = Frameworks;
			sourceTree = "<group>";
		};
		A0C6221C1D647FB89DED7218 /* Pods */ = {
			isa = PBXGroup;
			children = (
				58735AC014808C9D3AEAE53F /* Pods-AnimalClassifierApp.debug.xcconfig */,
				1AC21C78A4EFC50B9AC5DEE6 /* Pods-AnimalClassifierApp.release.xcconfig */,
			);
			path = Pods;
			sourceTree = "<group>";
		};
/* End PBXGroup section */

/* Begin PBXNativeTarget section */
		4569DA8B27B205EB00D610D9 /* AnimalClassifierApp */ = {
			isa = PBXNativeTarget;
			buildConfigurationList = 4569DA9A27B205ED00D610D9 /* Build configuration list for PBXNativeTarget "AnimalClassifierApp" */;
			buildPhases = (
				0781E32640E805CF6BD2865D /* [CP] Check Pods Manifest.lock */,
				4569DA8827B205EB00D610D9 /* Sources */,
				4569DA8927B205EB00D610D9 /* Frameworks */,
				4569DA8A27B205EB00D610D9 /* Resources */,
				042C21E537E8B778A0596D92 /* [CP] Embed Pods Frameworks */,
			);
			buildRules = (
			);
			dependencies = (
			);
			name = AnimalClassifierApp;
			productName = AnimalClassifierApp;
			productReference = 4569DA8C27B205EB00D610D9 /* AnimalClassifierApp.app */;
			productType = "com.apple.product-type.application";
		};
/* End PBXNativeTarget section */

/* Begin PBXProject section */
		4569DA8427B205EB00D610D9 /* Project object */ = {
			isa = PBXProject;
			attributes = {
				BuildIndependentTargetsInParallel = 1;
				LastSwiftUpdateCheck = 1320;
				LastUpgradeCheck = 1320;
				TargetAttributes = {
					4569DA8B27B205EB00D610D9 = {
						CreatedOnToolsVersion = 13.2.1;
					};
				};
			};
			buildConfigurationList = 4569DA8727B205EB00D610D9 /* Build configuration list for PBXProject "AnimalClassifierApp" */;
			compatibilityVersion = "Xcode 13.0";
			developmentRegion = en;
			hasScannedForEncodings = 0;
			knownRegions = (
				en,
				Base,
			);
			mainGroup = 4569DA8327B205EB00D610D9;
			productRefGroup = 4569DA8D27B205EB00D610D9 /* Products */;
			projectDirPath = "";
			projectRoot = "";
			targets = (
				4569DA8B27B205EB00D610D9 /* AnimalClassifierApp */,
			);
		};
/* End PBXProject section */

/* Begin PBXResourcesBuildPhase section */
		4569DA8A27B205EB00D610D9 /* Resources */ = {
			isa = PBXResourcesBuildPhase;
			buildActionMask = 2147483647;
			files = (
				07F8700027C36FAC00EA31B0 /* Launch Screen.storyboard in Resources */,
				4569DA9727B205ED00D610D9 /* Preview Assets.xcassets in Resources */,
				4569DABF27B2230500D610D9 /* Rowdies-Bold.ttf in Resources */,
				4569DAC127B2230500D610D9 /* Rowdies-Regular.ttf in Resources */,
				4569DA9427B205ED00D610D9 /* Assets.xcassets in Resources */,
				4569DAC027B2230500D610D9 /* Rowdies-Light.ttf in Resources */,
			);
			runOnlyForDeploymentPostprocessing = 0;
		};
/* End PBXResourcesBuildPhase section */

/* Begin PBXShellScriptBuildPhase section */
		042C21E537E8B778A0596D92 /* [CP] Embed Pods Frameworks */ = {
			isa = PBXShellScriptBuildPhase;
			buildActionMask = 2147483647;
			files = (
			);
			inputFileListPaths = (
				"${PODS_ROOT}/Target Support Files/Pods-AnimalClassifierApp/Pods-AnimalClassifierApp-frameworks-${CONFIGURATION}-input-files.xcfilelist",
			);
			name = "[CP] Embed Pods Frameworks";
			outputFileListPaths = (
				"${PODS_ROOT}/Target Support Files/Pods-AnimalClassifierApp/Pods-AnimalClassifierApp-frameworks-${CONFIGURATION}-output-files.xcfilelist",
			);
			runOnlyForDeploymentPostprocessing = 0;
			shellPath = /bin/sh;
			shellScript = "\"${PODS_ROOT}/Target Support Files/Pods-AnimalClassifierApp/Pods-AnimalClassifierApp-frameworks.sh\"\n";
			showEnvVarsInLog = 0;
		};
		0781E32640E805CF6BD2865D /* [CP] Check Pods Manifest.lock */ = {
			isa = PBXShellScriptBuildPhase;
			buildActionMask = 2147483647;
			files = (
			);
			inputFileListPaths = (
			);
			inputPaths = (
				"${PODS_PODFILE_DIR_PATH}/Podfile.lock",
				"${PODS_ROOT}/Manifest.lock",
			);
			name = "[CP] Check Pods Manifest.lock";
			outputFileListPaths = (
			);
			outputPaths = (
				"$(DERIVED_FILE_DIR)/Pods-AnimalClassifierApp-checkManifestLockResult.txt",
			);
			runOnlyForDeploymentPostprocessing = 0;
			shellPath = /bin/sh;
			shellScript = "diff \"${PODS_PODFILE_DIR_PATH}/Podfile.lock\" \"${PODS_ROOT}/Manifest.lock\" > /dev/null\nif [ $? != 0 ] ; then\n    # print error to STDERR\n    echo \"error: The sandbox is not in sync with the Podfile.lock. Run 'pod install' or update your CocoaPods installation.\" >&2\n    exit 1\nfi\n# This output is used by Xcode 'outputs' to avoid re-running this script phase.\necho \"SUCCESS\" > \"${SCRIPT_OUTPUT_FILE_0}\"\n";
			showEnvVarsInLog = 0;
		};
/* End PBXShellScriptBuildPhase section */

/* Begin PBXSourcesBuildPhase section */
		4569DA8827B205EB00D610D9 /* Sources */ = {
			isa = PBXSourcesBuildPhase;
			buildActionMask = 2147483647;
			files = (
				4569DAB427B21B5400D610D9 /* Animal.swift in Sources */,
				4569DAA827B20D4700D610D9 /* Resolver.swift in Sources */,
				4569DABB27B2202100D610D9 /* AppText.swift in Sources */,
				4569DAB027B212F700D610D9 /* CapsuleButton.swift in Sources */,
				4569DAA227B2065D00D610D9 /* AnimalClassifier.mlmodel in Sources */,
				4569DACD27B2584600D610D9 /* AsyncImageView.swift in Sources */,
				4569DAAC27B20E4D00D610D9 /* AnimalInfoScreen.swift in Sources */,
				4569DAC327B2322900D610D9 /* ImageClassifier.swift in Sources */,
				4569DAC727B24D4300D610D9 /* ImageButton.swift in Sources */,
				4569DAC927B24DB000D610D9 /* ImageView.swift in Sources */,
				4569DACB27B252B300D610D9 /* TopBar.swift in Sources */,
				4569DA9227B205EB00D610D9 /* MainScreen.swift in Sources */,
				4569DAB227B2136100D610D9 /* Constants.swift in Sources */,
				4569DAAE27B20F2100D610D9 /* PhotoPicker.swift in Sources */,
				4569DAAA27B20D8600D610D9 /* WikiService.swift in Sources */,
				4569DA9027B205EB00D610D9 /* AnimalClassifierApp.swift in Sources */,
				4569DAA627B20CEF00D610D9 /* MainViewModel.swift in Sources */,
				4569DAC527B23A2D00D610D9 /* Inceptionv3.mlmodel in Sources */,
				4569DACF27B2611B00D610D9 /* CircularIcon.swift in Sources */,
			);
			runOnlyForDeploymentPostprocessing = 0;
		};
/* End PBXSourcesBuildPhase section */

/* Begin XCBuildConfiguration section */
		4569DA9827B205ED00D610D9 /* Debug */ = {
			isa = XCBuildConfiguration;
			buildSettings = {
				ALWAYS_SEARCH_USER_PATHS = NO;
				CLANG_ANALYZER_NONNULL = YES;
				CLANG_ANALYZER_NUMBER_OBJECT_CONVERSION = YES_AGGRESSIVE;
				CLANG_CXX_LANGUAGE_STANDARD = "gnu++17";
				CLANG_CXX_LIBRARY = "libc++";
				CLANG_ENABLE_MODULES = YES;
				CLANG_ENABLE_OBJC_ARC = YES;
				CLANG_ENABLE_OBJC_WEAK = YES;
				CLANG_WARN_BLOCK_CAPTURE_AUTORELEASING = YES;
				CLANG_WARN_BOOL_CONVERSION = YES;
				CLANG_WARN_COMMA = YES;
				CLANG_WARN_CONSTANT_CONVERSION = YES;
				CLANG_WARN_DEPRECATED_OBJC_IMPLEMENTATIONS = YES;
				CLANG_WARN_DIRECT_OBJC_ISA_USAGE = YES_ERROR;
				CLANG_WARN_DOCUMENTATION_COMMENTS = YES;
				CLANG_WARN_EMPTY_BODY = YES;
				CLANG_WARN_ENUM_CONVERSION = YES;
				CLANG_WARN_INFINITE_RECURSION = YES;
				CLANG_WARN_INT_CONVERSION = YES;
				CLANG_WARN_NON_LITERAL_NULL_CONVERSION = YES;
				CLANG_WARN_OBJC_IMPLICIT_RETAIN_SELF = YES;
				CLANG_WARN_OBJC_LITERAL_CONVERSION = YES;
				CLANG_WARN_OBJC_ROOT_CLASS = YES_ERROR;
				CLANG_WARN_QUOTED_INCLUDE_IN_FRAMEWORK_HEADER = YES;
				CLANG_WARN_RANGE_LOOP_ANALYSIS = YES;
				CLANG_WARN_STRICT_PROTOTYPES = YES;
				CLANG_WARN_SUSPICIOUS_MOVE = YES;
				CLANG_WARN_UNGUARDED_AVAILABILITY = YES_AGGRESSIVE;
				CLANG_WARN_UNREACHABLE_CODE = YES;
				CLANG_WARN__DUPLICATE_METHOD_MATCH = YES;
				COPY_PHASE_STRIP = NO;
				DEBUG_INFORMATION_FORMAT = dwarf;
				ENABLE_STRICT_OBJC_MSGSEND = YES;
				ENABLE_TESTABILITY = YES;
				GCC_C_LANGUAGE_STANDARD = gnu11;
				GCC_DYNAMIC_NO_PIC = NO;
				GCC_NO_COMMON_BLOCKS = YES;
				GCC_OPTIMIZATION_LEVEL = 0;
				GCC_PREPROCESSOR_DEFINITIONS = (
					"DEBUG=1",
					"$(inherited)",
				);
				GCC_WARN_64_TO_32_BIT_CONVERSION = YES;
				GCC_WARN_ABOUT_RETURN_TYPE = YES_ERROR;
				GCC_WARN_UNDECLARED_SELECTOR = YES;
				GCC_WARN_UNINITIALIZED_AUTOS = YES_AGGRESSIVE;
				GCC_WARN_UNUSED_FUNCTION = YES;
				GCC_WARN_UNUSED_VARIABLE = YES;
				IPHONEOS_DEPLOYMENT_TARGET = 15.2;
				MTL_ENABLE_DEBUG_INFO = INCLUDE_SOURCE;
				MTL_FAST_MATH = YES;
				ONLY_ACTIVE_ARCH = YES;
				SDKROOT = iphoneos;
				SWIFT_ACTIVE_COMPILATION_CONDITIONS = DEBUG;
				SWIFT_OPTIMIZATION_LEVEL = "-Onone";
			};
			name = Debug;
		};
		4569DA9927B205ED00D610D9 /* Release */ = {
			isa = XCBuildConfiguration;
			buildSettings = {
				ALWAYS_SEARCH_USER_PATHS = NO;
				CLANG_ANALYZER_NONNULL = YES;
				CLANG_ANALYZER_NUMBER_OBJECT_CONVERSION = YES_AGGRESSIVE;
				CLANG_CXX_LANGUAGE_STANDARD = "gnu++17";
				CLANG_CXX_LIBRARY = "libc++";
				CLANG_ENABLE_MODULES = YES;
				CLANG_ENABLE_OBJC_ARC = YES;
				CLANG_ENABLE_OBJC_WEAK = YES;
				CLANG_WARN_BLOCK_CAPTURE_AUTORELEASING = YES;
				CLANG_WARN_BOOL_CONVERSION = YES;
				CLANG_WARN_COMMA = YES;
				CLANG_WARN_CONSTANT_CONVERSION = YES;
				CLANG_WARN_DEPRECATED_OBJC_IMPLEMENTATIONS = YES;
				CLANG_WARN_DIRECT_OBJC_ISA_USAGE = YES_ERROR;
				CLANG_WARN_DOCUMENTATION_COMMENTS = YES;
				CLANG_WARN_EMPTY_BODY = YES;
				CLANG_WARN_ENUM_CONVERSION = YES;
				CLANG_WARN_INFINITE_RECURSION = YES;
				CLANG_WARN_INT_CONVERSION = YES;
				CLANG_WARN_NON_LITERAL_NULL_CONVERSION = YES;
				CLANG_WARN_OBJC_IMPLICIT_RETAIN_SELF = YES;
				CLANG_WARN_OBJC_LITERAL_CONVERSION = YES;
				CLANG_WARN_OBJC_ROOT_CLASS = YES_ERROR;
				CLANG_WARN_QUOTED_INCLUDE_IN_FRAMEWORK_HEADER = YES;
				CLANG_WARN_RANGE_LOOP_ANALYSIS = YES;
				CLANG_WARN_STRICT_PROTOTYPES = YES;
				CLANG_WARN_SUSPICIOUS_MOVE = YES;
				CLANG_WARN_UNGUARDED_AVAILABILITY = YES_AGGRESSIVE;
				CLANG_WARN_UNREACHABLE_CODE = YES;
				CLANG_WARN__DUPLICATE_METHOD_MATCH = YES;
				COPY_PHASE_STRIP = NO;
				DEBUG_INFORMATION_FORMAT = "dwarf-with-dsym";
				ENABLE_NS_ASSERTIONS = NO;
				ENABLE_STRICT_OBJC_MSGSEND = YES;
				GCC_C_LANGUAGE_STANDARD = gnu11;
				GCC_NO_COMMON_BLOCKS = YES;
				GCC_WARN_64_TO_32_BIT_CONVERSION = YES;
				GCC_WARN_ABOUT_RETURN_TYPE = YES_ERROR;
				GCC_WARN_UNDECLARED_SELECTOR = YES;
				GCC_WARN_UNINITIALIZED_AUTOS = YES_AGGRESSIVE;
				GCC_WARN_UNUSED_FUNCTION = YES;
				GCC_WARN_UNUSED_VARIABLE = YES;
				IPHONEOS_DEPLOYMENT_TARGET = 15.2;
				MTL_ENABLE_DEBUG_INFO = NO;
				MTL_FAST_MATH = YES;
				SDKROOT = iphoneos;
				SWIFT_COMPILATION_MODE = wholemodule;
				SWIFT_OPTIMIZATION_LEVEL = "-O";
				VALIDATE_PRODUCT = YES;
			};
			name = Release;
		};
		4569DA9B27B205ED00D610D9 /* Debug */ = {
			isa = XCBuildConfiguration;
			baseConfigurationReference = 58735AC014808C9D3AEAE53F /* Pods-AnimalClassifierApp.debug.xcconfig */;
			buildSettings = {
				ASSETCATALOG_COMPILER_APPICON_NAME = AppIcon;
				ASSETCATALOG_COMPILER_GLOBAL_ACCENT_COLOR_NAME = AccentColor;
				CODE_SIGN_STYLE = Automatic;
				CURRENT_PROJECT_VERSION = 1;
				DEVELOPMENT_ASSET_PATHS = "\"AnimalClassifierApp/Preview Content\"";
				ENABLE_PREVIEWS = YES;
				GENERATE_INFOPLIST_FILE = YES;
				INFOPLIST_FILE = AnimalClassifierApp/Info.plist;
				INFOPLIST_KEY_UIApplicationSceneManifest_Generation = YES;
				INFOPLIST_KEY_UIApplicationSupportsIndirectInputEvents = YES;
				INFOPLIST_KEY_UILaunchScreen_Generation = YES;
				INFOPLIST_KEY_UILaunchStoryboardName = "Launch Screen";
				INFOPLIST_KEY_UISupportedInterfaceOrientations_iPad = "UIInterfaceOrientationPortrait UIInterfaceOrientationPortraitUpsideDown UIInterfaceOrientationLandscapeLeft UIInterfaceOrientationLandscapeRight";
				INFOPLIST_KEY_UISupportedInterfaceOrientations_iPhone = "UIInterfaceOrientationPortrait UIInterfaceOrientationLandscapeLeft UIInterfaceOrientationLandscapeRight";
				LD_RUNPATH_SEARCH_PATHS = (
					"$(inherited)",
					"@executable_path/Frameworks",
				);
				MARKETING_VERSION = 1.0;
				PRODUCT_BUNDLE_IDENTIFIER = ca.codewitheric.AnimalClassifierApp;
				PRODUCT_NAME = "$(TARGET_NAME)";
				SWIFT_EMIT_LOC_STRINGS = YES;
				SWIFT_VERSION = 5.0;
				TARGETED_DEVICE_FAMILY = "1,2";
			};
			name = Debug;
		};
		4569DA9C27B205ED00D610D9 /* Release */ = {
			isa = XCBuildConfiguration;
			baseConfigurationReference = 1AC21C78A4EFC50B9AC5DEE6 /* Pods-AnimalClassifierApp.release.xcconfig */;
			buildSettings = {
				ASSETCATALOG_COMPILER_APPICON_NAME = AppIcon;
				ASSETCATALOG_COMPILER_GLOBAL_ACCENT_COLOR_NAME = AccentColor;
				CODE_SIGN_STYLE = Automatic;
				CURRENT_PROJECT_VERSION = 1;
				DEVELOPMENT_ASSET_PATHS = "\"AnimalClassifierApp/Preview Content\"";
				ENABLE_PREVIEWS = YES;
				GENERATE_INFOPLIST_FILE = YES;
				INFOPLIST_FILE = AnimalClassifierApp/Info.plist;
				INFOPLIST_KEY_UIApplicationSceneManifest_Generation = YES;
				INFOPLIST_KEY_UIApplicationSupportsIndirectInputEvents = YES;
				INFOPLIST_KEY_UILaunchScreen_Generation = YES;
				INFOPLIST_KEY_UILaunchStoryboardName = "Launch Screen";
				INFOPLIST_KEY_UISupportedInterfaceOrientations_iPad = "UIInterfaceOrientationPortrait UIInterfaceOrientationPortraitUpsideDown UIInterfaceOrientationLandscapeLeft UIInterfaceOrientationLandscapeRight";
				INFOPLIST_KEY_UISupportedInterfaceOrientations_iPhone = "UIInterfaceOrientationPortrait UIInterfaceOrientationLandscapeLeft UIInterfaceOrientationLandscapeRight";
				LD_RUNPATH_SEARCH_PATHS = (
					"$(inherited)",
					"@executable_path/Frameworks",
				);
				MARKETING_VERSION = 1.0;
				PRODUCT_BUNDLE_IDENTIFIER = ca.codewitheric.AnimalClassifierApp;
				PRODUCT_NAME = "$(TARGET_NAME)";
				SWIFT_EMIT_LOC_STRINGS = YES;
				SWIFT_VERSION = 5.0;
				TARGETED_DEVICE_FAMILY = "1,2";
			};
			name = Release;
		};
/* End XCBuildConfiguration section */

/* Begin XCConfigurationList section */
		4569DA8727B205EB00D610D9 /* Build configuration list for PBXProject "AnimalClassifierApp" */ = {
			isa = XCConfigurationList;
			buildConfigurations = (
				4569DA9827B205ED00D610D9 /* Debug */,
				4569DA9927B205ED00D610D9 /* Release */,
			);
			defaultConfigurationIsVisible = 0;
			defaultConfigurationName = Release;
		};
		4569DA9A27B205ED00D610D9 /* Build configuration list for PBXNativeTarget "AnimalClassifierApp" */ = {
			isa = XCConfigurationList;
			buildConfigurations = (
				4569DA9B27B205ED00D610D9 /* Debug */,
				4569DA9C27B205ED00D610D9 /* Release */,
			);
			defaultConfigurationIsVisible = 0;
			defaultConfigurationName = Release;
		};
/* End XCConfigurationList section */
	};
	rootObject = 4569DA8427B205EB00D610D9 /* Project object */;
}
